
Microsoft Visual Studio Solution File, Format Version 12.00
Project("{FAE04EC0-301F-11D3-BF4B-00C04F79EFBC}") = "Obada.DM", "Obada.DM\Obada.DM.csproj", "{AE7C7458-E40C-494E-9D1F-1ABF29A78BAB}"
EndProject
Project("{FAE04EC0-301F-11D3-BF4B-00C04F79EFBC}") = "DB", "DB\DB.csproj", "{E6282B9B-92B7-4A2A-A144-389291E559AD}"
EndProject
Global
	GlobalSection(SolutionConfigurationPlatforms) = preSolution
		Debug|Any CPU = Debug|Any CPU
		Release|Any CPU = Release|Any CPU
	EndGlobalSection
	GlobalSection(ProjectConfigurationPlatforms) = postSolution
		{AE7C7458-E40C-494E-9D1F-1ABF29A78BAB}.Debug|Any CPU.ActiveCfg = Debug|Any CPU
		{AE7C7458-E40C-494E-9D1F-1ABF29A78BAB}.Debug|Any CPU.Build.0 = Debug|Any CPU
		{AE7C7458-E40C-494E-9D1F-1ABF29A78BAB}.Release|Any CPU.ActiveCfg = Release|Any CPU
		{AE7C7458-E40C-494E-9D1F-1ABF29A78BAB}.Release|Any CPU.Build.0 = Release|Any CPU
		{E6282B9B-92B7-4A2A-A144-389291E559AD}.Debug|Any CPU.ActiveCfg = Debug|Any CPU
		{E6282B9B-92B7-4A2A-A144-389291E559AD}.Debug|Any CPU.Build.0 = Debug|Any CPU
		{E6282B9B-92B7-4A2A-A144-389291E559AD}.Release|Any CPU.ActiveCfg = Release|Any CPU
		{E6282B9B-92B7-4A2A-A144-389291E559AD}.Release|Any CPU.Build.0 = Release|Any CPU
	EndGlobalSection
EndGlobal
